// !$*UTF8*$!
{
	archiveVersion = 1;
	classes = {
	};
	objectVersion = 46;
	objects = {

/* Begin PBXBuildFile section */
		A86FB83E1F2F228D00A653E7 /* OrderedDictTest.swift in Sources */ = {isa = PBXBuildFile; fileRef = A86FB8361F2F20BD00A653E7 /* OrderedDictTest.swift */; };
		A86FB83F1F2F235D00A653E7 /* OrderedDict.swift in Sources */ = {isa = PBXBuildFile; fileRef = A8F0F4841F2F09490047D1C4 /* OrderedDict.swift */; };
		A8F0F47E1F2F093B0047D1C4 /* main.swift in Sources */ = {isa = PBXBuildFile; fileRef = A8F0F47D1F2F093B0047D1C4 /* main.swift */; };
		A8F0F4851F2F09490047D1C4 /* OrderedDict.swift in Sources */ = {isa = PBXBuildFile; fileRef = A8F0F4841F2F09490047D1C4 /* OrderedDict.swift */; };
/* End PBXBuildFile section */

/* Begin PBXCopyFilesBuildPhase section */
		A8F0F4781F2F093B0047D1C4 /* CopyFiles */ = {
			isa = PBXCopyFilesBuildPhase;
			buildActionMask = 2147483647;
			dstPath = /usr/share/man/man1/;
			dstSubfolderSpec = 0;
			files = (
			);
			runOnlyForDeploymentPostprocessing = 1;
		};
/* End PBXCopyFilesBuildPhase section */

/* Begin PBXFileReference section */
		A86FB82E1F2F20A300A653E7 /* swift-structs-test.xctest */ = {isa = PBXFileReference; explicitFileType = wrapper.cfbundle; includeInIndex = 0; path = "swift-structs-test.xctest"; sourceTree = BUILT_PRODUCTS_DIR; };
		A86FB8321F2F20A300A653E7 /* Info.plist */ = {isa = PBXFileReference; lastKnownFileType = text.plist.xml; path = Info.plist; sourceTree = "<group>"; };
		A86FB8361F2F20BD00A653E7 /* OrderedDictTest.swift */ = {isa = PBXFileReference; fileEncoding = 4; lastKnownFileType = sourcecode.swift; path = OrderedDictTest.swift; sourceTree = "<group>"; };
		A8F0F47A1F2F093B0047D1C4 /* swift-structs */ = {isa = PBXFileReference; explicitFileType = "compiled.mach-o.executable"; includeInIndex = 0; path = "swift-structs"; sourceTree = BUILT_PRODUCTS_DIR; };
		A8F0F47D1F2F093B0047D1C4 /* main.swift */ = {isa = PBXFileReference; lastKnownFileType = sourcecode.swift; path = main.swift; sourceTree = "<group>"; };
		A8F0F4841F2F09490047D1C4 /* OrderedDict.swift */ = {isa = PBXFileReference; fileEncoding = 4; lastKnownFileType = sourcecode.swift; path = OrderedDict.swift; sourceTree = "<group>"; };
/* End PBXFileReference section */

/* Begin PBXFrameworksBuildPhase section */
		A86FB82B1F2F20A300A653E7 /* Frameworks */ = {
			isa = PBXFrameworksBuildPhase;
			buildActionMask = 2147483647;
			files = (
			);
			runOnlyForDeploymentPostprocessing = 0;
		};
		A8F0F4771F2F093B0047D1C4 /* Frameworks */ = {
			isa = PBXFrameworksBuildPhase;
			buildActionMask = 2147483647;
			files = (
			);
			runOnlyForDeploymentPostprocessing = 0;
		};
/* End PBXFrameworksBuildPhase section */

/* Begin PBXGroup section */
		A86FB82F1F2F20A300A653E7 /* swift-structs-test */ = {
			isa = PBXGroup;
			children = (
				A86FB8321F2F20A300A653E7 /* Info.plist */,
				A86FB8361F2F20BD00A653E7 /* OrderedDictTest.swift */,
			);
			path = "swift-structs-test";
			sourceTree = "<group>";
		};
		A8F0F4711F2F093B0047D1C4 = {
			isa = PBXGroup;
			children = (
				A8F0F47C1F2F093B0047D1C4 /* swift-structs */,
				A86FB82F1F2F20A300A653E7 /* swift-structs-test */,
				A8F0F47B1F2F093B0047D1C4 /* Products */,
			);
			sourceTree = "<group>";
		};
		A8F0F47B1F2F093B0047D1C4 /* Products */ = {
			isa = PBXGroup;
			children = (
				A8F0F47A1F2F093B0047D1C4 /* swift-structs */,
				A86FB82E1F2F20A300A653E7 /* swift-structs-test.xctest */,
			);
			name = Products;
			sourceTree = "<group>";
		};
		A8F0F47C1F2F093B0047D1C4 /* swift-structs */ = {
			isa = PBXGroup;
			children = (
				A8F0F47D1F2F093B0047D1C4 /* main.swift */,
				A8F0F4841F2F09490047D1C4 /* OrderedDict.swift */,
			);
			path = "swift-structs";
			sourceTree = "<group>";
		};
/* End PBXGroup section */

/* Begin PBXNativeTarget section */
		A86FB82D1F2F20A300A653E7 /* swift-structs-test */ = {
			isa = PBXNativeTarget;
			buildConfigurationList = A86FB8351F2F20A300A653E7 /* Build configuration list for PBXNativeTarget "swift-structs-test" */;
			buildPhases = (
				A86FB82A1F2F20A300A653E7 /* Sources */,
				A86FB82B1F2F20A300A653E7 /* Frameworks */,
				A86FB82C1F2F20A300A653E7 /* Resources */,
			);
			buildRules = (
			);
			dependencies = (
			);
			name = "swift-structs-test";
			productName = "swift-structs-test";
			productReference = A86FB82E1F2F20A300A653E7 /* swift-structs-test.xctest */;
			productType = "com.apple.product-type.bundle.unit-test";
		};
		A8F0F4791F2F093B0047D1C4 /* swift-structs */ = {
			isa = PBXNativeTarget;
			buildConfigurationList = A8F0F4811F2F093B0047D1C4 /* Build configuration list for PBXNativeTarget "swift-structs" */;
			buildPhases = (
				A8F0F4761F2F093B0047D1C4 /* Sources */,
				A8F0F4771F2F093B0047D1C4 /* Frameworks */,
				A8F0F4781F2F093B0047D1C4 /* CopyFiles */,
			);
			buildRules = (
			);
			dependencies = (
			);
			name = "swift-structs";
			productName = "swift-structs";
			productReference = A8F0F47A1F2F093B0047D1C4 /* swift-structs */;
			productType = "com.apple.product-type.tool";
		};
/* End PBXNativeTarget section */

/* Begin PBXProject section */
		A8F0F4721F2F093B0047D1C4 /* Project object */ = {
			isa = PBXProject;
			attributes = {
				LastSwiftUpdateCheck = 0830;
				LastUpgradeCheck = 0830;
				ORGANIZATIONNAME = "Saburo Okita";
				TargetAttributes = {
					A86FB82D1F2F20A300A653E7 = {
						CreatedOnToolsVersion = 8.3.3;
						ProvisioningStyle = Automatic;
					};
					A8F0F4791F2F093B0047D1C4 = {
						CreatedOnToolsVersion = 8.3.3;
						ProvisioningStyle = Automatic;
					};
				};
			};
			buildConfigurationList = A8F0F4751F2F093B0047D1C4 /* Build configuration list for PBXProject "swift-structs" */;
			compatibilityVersion = "Xcode 3.2";
			developmentRegion = English;
			hasScannedForEncodings = 0;
			knownRegions = (
				en,
			);
			mainGroup = A8F0F4711F2F093B0047D1C4;
			productRefGroup = A8F0F47B1F2F093B0047D1C4 /* Products */;
			projectDirPath = "";
			projectRoot = "";
			targets = (
				A8F0F4791F2F093B0047D1C4 /* swift-structs */,
				A86FB82D1F2F20A300A653E7 /* swift-structs-test */,
			);
		};
/* End PBXProject section */

/* Begin PBXResourcesBuildPhase section */
		A86FB82C1F2F20A300A653E7 /* Resources */ = {
			isa = PBXResourcesBuildPhase;
			buildActionMask = 2147483647;
			files = (
			);
			runOnlyForDeploymentPostprocessing = 0;
		};
/* End PBXResourcesBuildPhase section */

/* Begin PBXSourcesBuildPhase section */
		A86FB82A1F2F20A300A653E7 /* Sources */ = {
			isa = PBXSourcesBuildPhase;
			buildActionMask = 2147483647;
			files = (
				A86FB83E1F2F228D00A653E7 /* OrderedDictTest.swift in Sources */,
				A86FB83F1F2F235D00A653E7 /* OrderedDict.swift in Sources */,
			);
			runOnlyForDeploymentPostprocessing = 0;
		};
		A8F0F4761F2F093B0047D1C4 /* Sources */ = {
			isa = PBXSourcesBuildPhase;
			buildActionMask = 2147483647;
			files = (
				A8F0F47E1F2F093B0047D1C4 /* main.swift in Sources */,
				A8F0F4851F2F09490047D1C4 /* OrderedDict.swift in Sources */,
			);
			runOnlyForDeploymentPostprocessing = 0;
		};
/* End PBXSourcesBuildPhase section */

/* Begin XCBuildConfiguration section */
		A86FB8331F2F20A300A653E7 /* Debug */ = {
			isa = XCBuildConfiguration;
			buildSettings = {
				COMBINE_HIDPI_IMAGES = YES;
				INFOPLIST_FILE = "swift-structs-test/Info.plist";
				LD_RUNPATH_SEARCH_PATHS = "$(inherited) @executable_path/../Frameworks @loader_path/../Frameworks";
				PRODUCT_BUNDLE_IDENTIFIER = "sub.swift-structs-test";
				PRODUCT_NAME = "$(TARGET_NAME)";
				SWIFT_ACTIVE_COMPILATION_CONDITIONS = DEBUG;
				SWIFT_VERSION = 3.0;
			};
			name = Debug;
		};
		A86FB8341F2F20A300A653E7 /* Release */ = {
			isa = XCBuildConfiguration;
			buildSettings = {
				COMBINE_HIDPI_IMAGES = YES;
				INFOPLIST_FILE = "swift-structs-test/Info.plist";
				LD_RUNPATH_SEARCH_PATHS = "$(inherited) @executable_path/../Frameworks @loader_path/../Frameworks";
				PRODUCT_BUNDLE_IDENTIFIER = "sub.swift-structs-test";
				PRODUCT_NAME = "$(TARGET_NAME)";
				SWIFT_OPTIMIZATION_LEVEL = "-Owholemodule";
				SWIFT_VERSION = 3.0;
			};
			name = Release;
		};
		A8F0F47F1F2F093B0047D1C4 /* Debug */ = {
			isa = XCBuildConfiguration;
			buildSettings = {
				ALWAYS_SEARCH_USER_PATHS = NO;
				CLANG_ANALYZER_NONNULL = YES;
				CLANG_ANALYZER_NUMBER_OBJECT_CONVERSION = YES_AGGRESSIVE;
				CLANG_CXX_LANGUAGE_STANDARD = "gnu++0x";
				CLANG_CXX_LIBRARY = "libc++";
				CLANG_ENABLE_MODULES = YES;
				CLANG_ENABLE_OBJC_ARC = YES;
				CLANG_WARN_BOOL_CONVERSION = YES;
				CLANG_WARN_CONSTANT_CONVERSION = YES;
				CLANG_WARN_DIRECT_OBJC_ISA_USAGE = YES_ERROR;
				CLANG_WARN_DOCUMENTATION_COMMENTS = YES;
				CLANG_WARN_EMPTY_BODY = YES;
				CLANG_WARN_ENUM_CONVERSION = YES;
				CLANG_WARN_INFINITE_RECURSION = YES;
				CLANG_WARN_INT_CONVERSION = YES;
				CLANG_WARN_OBJC_ROOT_CLASS = YES_ERROR;
				CLANG_WARN_SUSPICIOUS_MOVE = YES;
				CLANG_WARN_UNREACHABLE_CODE = YES;
				CLANG_WARN__DUPLICATE_METHOD_MATCH = YES;
				CODE_SIGN_IDENTITY = "-";
				COPY_PHASE_STRIP = NO;
				DEBUG_INFORMATION_FORMAT = dwarf;
				ENABLE_STRICT_OBJC_MSGSEND = YES;
				ENABLE_TESTABILITY = YES;
				GCC_C_LANGUAGE_STANDARD = gnu99;
				GCC_DYNAMIC_NO_PIC = NO;
				GCC_NO_COMMON_BLOCKS = YES;
				GCC_OPTIMIZATION_LEVEL = 0;
				GCC_PREPROCESSOR_DEFINITIONS = (
					"DEBUG=1",
					"$(inherited)",
				);
				GCC_WARN_64_TO_32_BIT_CONVERSION = YES;
				GCC_WARN_ABOUT_RETURN_TYPE = YES_ERROR;
				GCC_WARN_UNDECLARED_SELECTOR = YES;
				GCC_WARN_UNINITIALIZED_AUTOS = YES_AGGRESSIVE;
				GCC_WARN_UNUSED_FUNCTION = YES;
				GCC_WARN_UNUSED_VARIABLE = YES;
				MACOSX_DEPLOYMENT_TARGET = 10.12;
				MTL_ENABLE_DEBUG_INFO = YES;
				ONLY_ACTIVE_ARCH = YES;
				SDKROOT = macosx;
				SWIFT_OPTIMIZATION_LEVEL = "-Onone";
			};
			name = Debug;
		};
		A8F0F4801F2F093B0047D1C4 /* Release */ = {
			isa = XCBuildConfiguration;
			buildSettings = {
				ALWAYS_SEARCH_USER_PATHS = NO;
				CLANG_ANALYZER_NONNULL = YES;
				CLANG_ANALYZER_NUMBER_OBJECT_CONVERSION = YES_AGGRESSIVE;
				CLANG_CXX_LANGUAGE_STANDARD = "gnu++0x";
				CLANG_CXX_LIBRARY = "libc++";
				CLANG_ENABLE_MODULES = YES;
				CLANG_ENABLE_OBJC_ARC = YES;
				CLANG_WARN_BOOL_CONVERSION = YES;
				CLANG_WARN_CONSTANT_CONVERSION = YES;
				CLANG_WARN_DIRECT_OBJC_ISA_USAGE = YES_ERROR;
				CLANG_WARN_DOCUMENTATION_COMMENTS = YES;
				CLANG_WARN_EMPTY_BODY = YES;
				CLANG_WARN_ENUM_CONVERSION = YES;
				CLANG_WARN_INFINITE_RECURSION = YES;
				CLANG_WARN_INT_CONVERSION = YES;
				CLANG_WARN_OBJC_ROOT_CLASS = YES_ERROR;
				CLANG_WARN_SUSPICIOUS_MOVE = YES;
				CLANG_WARN_UNREACHABLE_CODE = YES;
				CLANG_WARN__DUPLICATE_METHOD_MATCH = YES;
				CODE_SIGN_IDENTITY = "-";
				COPY_PHASE_STRIP = NO;
				DEBUG_INFORMATION_FORMAT = "dwarf-with-dsym";
				ENABLE_NS_ASSERTIONS = NO;
				ENABLE_STRICT_OBJC_MSGSEND = YES;
				GCC_C_LANGUAGE_STANDARD = gnu99;
				GCC_NO_COMMON_BLOCKS = YES;
				GCC_WARN_64_TO_32_BIT_CONVERSION = YES;
				GCC_WARN_ABOUT_RETURN_TYPE = YES_ERROR;
				GCC_WARN_UNDECLARED_SELECTOR = YES;
				GCC_WARN_UNINITIALIZED_AUTOS = YES_AGGRESSIVE;
				GCC_WARN_UNUSED_FUNCTION = YES;
				GCC_WARN_UNUSED_VARIABLE = YES;
				MACOSX_DEPLOYMENT_TARGET = 10.12;
				MTL_ENABLE_DEBUG_INFO = NO;
				SDKROOT = macosx;
			};
			name = Release;
		};
		A8F0F4821F2F093B0047D1C4 /* Debug */ = {
			isa = XCBuildConfiguration;
			buildSettings = {
				PRODUCT_NAME = "$(TARGET_NAME)";
				SWIFT_VERSION = 3.0;
			};
			name = Debug;
		};
		A8F0F4831F2F093B0047D1C4 /* Release */ = {
			isa = XCBuildConfiguration;
			buildSettings = {
				PRODUCT_NAME = "$(TARGET_NAME)";
				SWIFT_VERSION = 3.0;
			};
			name = Release;
		};
/* End XCBuildConfiguration section */

/* Begin XCConfigurationList section */
		A86FB8351F2F20A300A653E7 /* Build configuration list for PBXNativeTarget "swift-structs-test" */ = {
			isa = XCConfigurationList;
			buildConfigurations = (
				A86FB8331F2F20A300A653E7 /* Debug */,
				A86FB8341F2F20A300A653E7 /* Release */,
			);
			defaultConfigurationIsVisible = 0;
		};
		A8F0F4751F2F093B0047D1C4 /* Build configuration list for PBXProject "swift-structs" */ = {
			isa = XCConfigurationList;
			buildConfigurations = (
				A8F0F47F1F2F093B0047D1C4 /* Debug */,
				A8F0F4801F2F093B0047D1C4 /* Release */,
			);
			defaultConfigurationIsVisible = 0;
			defaultConfigurationName = Release;
		};
		A8F0F4811F2F093B0047D1C4 /* Build configuration list for PBXNativeTarget "swift-structs" */ = {
			isa = XCConfigurationList;
			buildConfigurations = (
				A8F0F4821F2F093B0047D1C4 /* Debug */,
				A8F0F4831F2F093B0047D1C4 /* Release */,
			);
			defaultConfigurationIsVisible = 0;
			defaultConfigurationName = Release;
		};
/* End XCConfigurationList section */
	};
	rootObject = A8F0F4721F2F093B0047D1C4 /* Project object */;
}
